
Microsoft Visual Studio Solution File, Format Version 12.00
# Visual Studio Version 16
VisualStudioVersion = 16.0.30717.126
MinimumVisualStudioVersion = 10.0.40219.1
Project("{2150E333-8FDC-42A3-9474-1A3956D46DE8}") = "Exam-70-483", "Exam-70-483", "{C252DC95-B437-4573-9EFB-7F73880B30FB}"
EndProject
Project("{2150E333-8FDC-42A3-9474-1A3956D46DE8}") = "MVC", "MVC", "{2D6D8F66-8CA6-44EF-91DE-CB0D6BF41510}"
EndProject
Project("{FAE04EC0-301F-11D3-BF4B-00C04F79EFBC}") = "Vidly", "MVC\Vidly\Vidly.csproj", "{2E06D841-ECD6-4421-A9DA-2329A6F8B33B}"
EndProject
Project("{2150E333-8FDC-42A3-9474-1A3956D46DE8}") = "DesignPatterns", "DesignPatterns", "{A9519945-259D-461B-8479-6646D9C14044}"
EndProject
Project("{FAE04EC0-301F-11D3-BF4B-00C04F79EFBC}") = "Solid.SingleResponsility", "DesignPatterns\Solid.SingleResponsility\Solid.SingleResponsility.csproj", "{A79843FA-6795-4C4E-9A45-8094A3C38728}"
EndProject
Project("{FAE04EC0-301F-11D3-BF4B-00C04F79EFBC}") = "Solid.OpenClose", "DesignPatterns\Solid.OpenClose\Solid.OpenClose.csproj", "{4889CE7B-B0AA-4E52-AF47-A5FE26BAEA77}"
EndProject
Project("{FAE04EC0-301F-11D3-BF4B-00C04F79EFBC}") = "Solid.LiskovSubstitution", "DesignPatterns\Solid.LiskovSubstitution\Solid.LiskovSubstitution.csproj", "{139B5802-023B-4E0A-9F7C-A7E1499411CC}"
EndProject
Project("{FAE04EC0-301F-11D3-BF4B-00C04F79EFBC}") = "Solid.InterfaceSegregation", "DesignPatterns\Solid.InterfaceSegregation\Solid.InterfaceSegregation.csproj", "{BF613B38-ADE5-4C29-9A08-09EDEF6829ED}"
EndProject
Project("{FAE04EC0-301F-11D3-BF4B-00C04F79EFBC}") = "Solid.DependencyInversion", "DesignPatterns\Solid.DependencyInversion\Solid.DependencyInversion.csproj", "{0E76B292-3D03-471F-9AC9-86B35A752417}"
EndProject
Project("{FAE04EC0-301F-11D3-BF4B-00C04F79EFBC}") = "AwaitAndAsync", "Exam-70-483\AwaitAndAsync\AwaitAndAsync.csproj", "{A04AE1AB-3A58-4245-A86F-1F6073B2D382}"
EndProject
Project("{FAE04EC0-301F-11D3-BF4B-00C04F79EFBC}") = "Basic Event Example", "Exam-70-483\Basic Event Example\Basic Event Example.csproj", "{7BB81DFA-1443-4A01-96D1-6BB3ADCB5852}"
EndProject
Project("{FAE04EC0-301F-11D3-BF4B-00C04F79EFBC}") = "BoxingAndUmboxing", "Exam-70-483\BoxingAndUmboxing\BoxingAndUmboxing.csproj", "{9445F3CE-7061-4427-812B-DF4AD87D8D1E}"
EndProject
Project("{9A19103F-16F7-4668-BE54-9A1E7A4F7556}") = "BoxingAndUnboxing", "Exam-70-483\BoxingAndUnboxing\BoxingAndUnboxing.csproj", "{0118BAB3-5CDB-4ABF-BAEC-CEDDB86E8A10}"
EndProject
Project("{FAE04EC0-301F-11D3-BF4B-00C04F79EFBC}") = "CastAncConvertExample", "Exam-70-483\CastAncConvertExample\CastAncConvertExample.csproj", "{D23138B2-FFE4-459E-9746-EC9D4C39A2D3}"
EndProject
Project("{9A19103F-16F7-4668-BE54-9A1E7A4F7556}") = "Collection and Arrays", "Exam-70-483\Collection and Arrays\Collection and Arrays.csproj", "{178DC49F-DFA4-4C59-ABCE-88849FBFBD10}"
EndProject
Project("{FAE04EC0-301F-11D3-BF4B-00C04F79EFBC}") = "Constructor Example", "Exam-70-483\Constructor Example\Constructor Example.csproj", "{C1769119-9FA9-422C-8939-B8997C9527F6}"
EndProject
Project("{FAE04EC0-301F-11D3-BF4B-00C04F79EFBC}") = "Creating A Delegate", "Exam-70-483\Creating A Delegate\Creating A Delegate.csproj", "{73BC173B-9764-4A19-B8D8-F30F5D64049B}"
EndProject
Project("{FAE04EC0-301F-11D3-BF4B-00C04F79EFBC}") = "Creating an Interface", "Exam-70-483\Creating an Interface\Creating an Interface.csproj", "{9BF1FC8A-ABBA-471E-BB0F-09E70C5A320A}"
EndProject
Project("{FAE04EC0-301F-11D3-BF4B-00C04F79EFBC}") = "Encrypting Files", "Exam-70-483\Encrypting Files\Encrypting Files.csproj", "{A3087BFE-E878-4292-BC9D-7705D4F1843F}"
EndProject
Project("{9A19103F-16F7-4668-BE54-9A1E7A4F7556}") = "Exception Example", "Exam-70-483\Exception Example\Exception Example.csproj", "{FD8065BA-507D-4B93-8E4C-B580CA559743}"
EndProject
Project("{FAE04EC0-301F-11D3-BF4B-00C04F79EFBC}") = "Explicit Implementation", "Exam-70-483\Explicit Implementation\Explicit Implementation.csproj", "{44EB7849-96C9-4809-BD70-B61452158358}"
EndProject
Project("{FAE04EC0-301F-11D3-BF4B-00C04F79EFBC}") = "Extension Method Example", "Exam-70-483\Extension Method Example\Extension Method Example.csproj", "{9EB688E7-041C-45F7-A8A8-A66ADCBB84CD}"
EndProject
Project("{FAE04EC0-301F-11D3-BF4B-00C04F79EFBC}") = "Generics Example", "Exam-70-483\Generics Example\Generics Example.csproj", "{30423BAB-A516-4113-9D7F-4BE37E224B4B}"
EndProject
Project("{FAE04EC0-301F-11D3-BF4B-00C04F79EFBC}") = "Hashinh Data", "Exam-70-483\Hashinh Data\Hashinh Data.csproj", "{C0A2F5B2-F833-4C93-83F9-CF1BF0327BA0}"
EndProject
Project("{FAE04EC0-301F-11D3-BF4B-00C04F79EFBC}") = "Implementating IEnumerable", "Exam-70-483\Implementating IEnumerable\Implementating IEnumerable.csproj", "{E222C899-B660-4E30-A55D-9F4D56BFEA2C}"
EndProject
Project("{FAE04EC0-301F-11D3-BF4B-00C04F79EFBC}") = "Implementing IDisposable", "Exam-70-483\Implementing IDisposable\Implementing IDisposable.csproj", "{73468D0F-4965-4093-A642-EF8A6B5A5057}"
EndProject
Project("{FAE04EC0-301F-11D3-BF4B-00C04F79EFBC}") = "Indexer Example", "Exam-70-483\Indexer Example\Indexer Example.csproj", "{A9ED35B5-C5EC-42DD-B38C-BCC637023F37}"
EndProject
Project("{FAE04EC0-301F-11D3-BF4B-00C04F79EFBC}") = "InhertitanceExample", "Exam-70-483\InhertitanceExample\InhertitanceExample.csproj", "{4744549A-01D8-4F9D-A021-9615A430B0E5}"
EndProject
Project("{FAE04EC0-301F-11D3-BF4B-00C04F79EFBC}") = "Multicast Delegate Example", "Exam-70-483\Multicast Delegate Example\Multicast Delegate Example.csproj", "{4B19D566-979E-4454-88C5-3847D00C1585}"
EndProject
Project("{FAE04EC0-301F-11D3-BF4B-00C04F79EFBC}") = "Multithreading Example", "Exam-70-483\Multithreading Example\Multithreading Example.csproj", "{AF21F2E7-F585-452B-AE7D-533707FDCD8D}"
EndProject
Project("{FAE04EC0-301F-11D3-BF4B-00C04F79EFBC}") = "Overloading Example", "Exam-70-483\Overloading Example\Overloading Example.csproj", "{041D880F-350D-40F5-8933-0BBBD4C53FA7}"
EndProject
Project("{FAE04EC0-301F-11D3-BF4B-00C04F79EFBC}") = "Override Example", "Exam-70-483\Override Example\Override Example.csproj", "{EE757B2E-E57A-4334-93AE-F60F080D9B0F}"
EndProject
Project("{FAE04EC0-301F-11D3-BF4B-00C04F79EFBC}") = "Static Example", "Exam-70-483\Static Example\Static Example.csproj", "{860A2F70-8397-40C2-A2C6-8DDE466C47E3}"
EndProject
Project("{9A19103F-16F7-4668-BE54-9A1E7A4F7556}") = "String Builder", "Exam-70-483\String Builder\String Builder.csproj", "{844EF34A-5D49-4A7C-AD8A-45181365D51E}"
EndProject
Project("{9A19103F-16F7-4668-BE54-9A1E7A4F7556}") = "StringWriter And StringReader", "Exam-70-483\StringWriter And StringReader\StringWriter And StringReader.csproj", "{E04E5E14-1FD3-4C0E-BBF8-236136851EF0}"
EndProject
Project("{FAE04EC0-301F-11D3-BF4B-00C04F79EFBC}") = "Struct Example", "Exam-70-483\Struct Example\Struct Example.csproj", "{90788D78-586B-4F92-8001-CA5814E30BA1}"
EndProject
Project("{FAE04EC0-301F-11D3-BF4B-00C04F79EFBC}") = "ThreadPool", "Exam-70-483\ThreadPool\ThreadPool.csproj", "{19A695E6-2BD1-44E2-802B-3745DA5B1E53}"
EndProject
Project("{9A19103F-16F7-4668-BE54-9A1E7A4F7556}") = "Using Properties and Fields", "Exam-70-483\Using Properties and Fields\Using Properties and Fields.csproj", "{0D6BC90F-0DEC-4095-A380-4A8D4A1E8DC0}"
EndProject
Project("{2150E333-8FDC-42A3-9474-1A3956D46DE8}") = "AdvancedTopics", "AdvancedTopics", "{8E052890-6F1E-4D58-ACAE-C129E9E91879}"
EndProject
Project("{FAE04EC0-301F-11D3-BF4B-00C04F79EFBC}") = "Delegates", "AdvancedTopics\Delegates\Delegates\Delegates.csproj", "{5336E947-ADD9-4FF3-A913-924115D12E65}"
EndProject
Project("{FAE04EC0-301F-11D3-BF4B-00C04F79EFBC}") = "DynamicBinding", "AdvancedTopics\DynamicBinding\DynamicBinding\DynamicBinding.csproj", "{35558D2B-8BFC-4FCF-89EC-E2691E8880AC}"
EndProject
Project("{FAE04EC0-301F-11D3-BF4B-00C04F79EFBC}") = "ExceptionHandling", "AdvancedTopics\ExceptionHandling\ExceptionHandling\ExceptionHandling.csproj", "{A9DEDB86-2AC5-46F9-8C5B-03373952DBEE}"
EndProject
Project("{FAE04EC0-301F-11D3-BF4B-00C04F79EFBC}") = "ExtensionMethods", "AdvancedTopics\ExtensionMethods\ExtensionMethods\ExtensionMethods.csproj", "{9F521A9C-ECE4-49E3-A631-2CB4DD9B099C}"
EndProject
Project("{FAE04EC0-301F-11D3-BF4B-00C04F79EFBC}") = "Generics", "AdvancedTopics\Generics\Generics\Generics.csproj", "{ED774648-25DF-46C5-AEBF-C9E691D17D2C}"
EndProject
Project("{FAE04EC0-301F-11D3-BF4B-00C04F79EFBC}") = "LambdaExpressions", "AdvancedTopics\LambdaExpressions\LambdaExpressions\LambdaExpressions.csproj", "{D8C5BECE-1958-4E36-AF9D-9B60503EA512}"
EndProject
Project("{FAE04EC0-301F-11D3-BF4B-00C04F79EFBC}") = "Linq", "AdvancedTopics\Linq\Linq\Linq.csproj", "{C5694E5E-9F59-4541-B28D-03F60A6947AC}"
EndProject
Project("{FAE04EC0-301F-11D3-BF4B-00C04F79EFBC}") = "NullableTypes", "AdvancedTopics\NullableTypes\NullableTypes\NullableTypes.csproj", "{6B33E81B-C90B-411C-887B-7D1C272FF629}"
EndProject
Project("{2150E333-8FDC-42A3-9474-1A3956D46DE8}") = "CleanCode", "CleanCode", "{63FACEC3-4501-4A69-AA5D-723649063C87}"
EndProject
Project("{FAE04EC0-301F-11D3-BF4B-00C04F79EFBC}") = "CleanCode", "CleanCode\CleanCode\CleanCode.csproj", "{160687E6-3541-4856-8182-35844B88AC4D}"
EndProject
Project("{FAE04EC0-301F-11D3-BF4B-00C04F79EFBC}") = "CleanCode.UnitTests", "CleanCode\CleanCode.UnitTests\CleanCode.UnitTests.csproj", "{3D6DADB8-CB03-4995-8AB6-B75263C7A63E}"
EndProject
Project("{FAE04EC0-301F-11D3-BF4B-00C04F79EFBC}") = "CodeFirstExistingDb", "CleanCode\CodeFirstExistingDb\CodeFirstExistingDb\CodeFirstExistingDb.csproj", "{3F93FE95-68ED-4BF7-BF8A-9010BD78060B}"
EndProject
Project("{FAE04EC0-301F-11D3-BF4B-00C04F79EFBC}") = "Builder", "DesignPatterns\Builder\Builder.csproj", "{4D6C94C9-2C26-43D5-91D8-795AE7B0E0B6}"
EndProject
Project("{FAE04EC0-301F-11D3-BF4B-00C04F79EFBC}") = "Builder.Fluent", "DesignPatterns\Builder.Fluent\Builder.Fluent.csproj", "{4FFC08F2-5C73-4C8F-A778-C1774F0C3A17}"
EndProject
Project("{FAE04EC0-301F-11D3-BF4B-00C04F79EFBC}") = "Builder.Functional", "DesignPatterns\Builder.Functional\Builder.Functional.csproj", "{03A0C814-E778-4FA9-A551-2359787918C3}"
EndProject
Project("{FAE04EC0-301F-11D3-BF4B-00C04F79EFBC}") = "Builder.RecursiveGenerics", "DesignPatterns\Builder.RecursiveGenerics\Builder.RecursiveGenerics.csproj", "{06A6D248-9052-4D28-BB22-592521B42A24}"
EndProject
Project("{FAE04EC0-301F-11D3-BF4B-00C04F79EFBC}") = "Builder.Faceted", "DesignPatterns\Builder.Faceted\Builder.Faceted.csproj", "{ADFEC83F-D83E-4D9A-89CD-FA15557C8AAF}"
EndProject
Project("{FAE04EC0-301F-11D3-BF4B-00C04F79EFBC}") = "Builder.Exercise", "DesignPatterns\Builder.Exercise\Builder.Exercise.csproj", "{42C259FF-1A88-4DFA-B74B-F7FB85E1D530}"
EndProject
Project("{FAE04EC0-301F-11D3-BF4B-00C04F79EFBC}") = "Factory.AsynchronousMethod", "DesignPatterns\Factory.AsynchronousMethod\Factory.AsynchronousMethod.csproj", "{E6D8D00A-7D3E-4793-B97C-EED4F511AA33}"
EndProject
Project("{FAE04EC0-301F-11D3-BF4B-00C04F79EFBC}") = "Factory", "DesignPatterns\Factory\Factory.csproj", "{89790340-021E-4CDD-B55E-E4264B0749AC}"
EndProject
Project("{FAE04EC0-301F-11D3-BF4B-00C04F79EFBC}") = "Factory.Method", "DesignPatterns\Factory.Method\Factory.Method.csproj", "{F0B2C588-CCF5-413A-A479-7F1F93A3BD48}"
EndProject
Project("{FAE04EC0-301F-11D3-BF4B-00C04F79EFBC}") = "Factory.InnerFactory", "DesignPatterns\Factory.InnerFactory\Factory.InnerFactory.csproj", "{CCC4E6A8-ADBE-4D07-96C8-AD4FA8796B29}"
EndProject
Project("{FAE04EC0-301F-11D3-BF4B-00C04F79EFBC}") = "Factory.Abstract", "DesignPatterns\Factory.Abstract\Factory.Abstract.csproj", "{0717C434-1545-4930-96DD-9F9FE2AA2242}"
EndProject
Project("{FAE04EC0-301F-11D3-BF4B-00C04F79EFBC}") = "Factory.Abstract.WithOpenClose", "DesignPatterns\Factory.Abstract.WithOpenClose\Factory.Abstract.WithOpenClose.csproj", "{2A82B0BD-4F75-4A87-A8E3-91E3B9975967}"
EndProject
Project("{FAE04EC0-301F-11D3-BF4B-00C04F79EFBC}") = "Factory.Excercise", "DesignPatterns\Factory.Excercise\Factory.Excercise.csproj", "{DB446DD1-2F3B-405D-A4CD-7EAA02016F5A}"
EndProject
Project("{FAE04EC0-301F-11D3-BF4B-00C04F79EFBC}") = "Prototype.CopyConstructors", "DesignPatterns\Prototype\Prototype.CopyConstructors.csproj", "{AABC73FE-9E3D-4448-88A6-D6F3F44A3928}"
EndProject
Project("{FAE04EC0-301F-11D3-BF4B-00C04F79EFBC}") = "Prototype.DeepCopyInterface", "DesignPatterns\Prototype.DeepCopyInterface\Prototype.DeepCopyInterface.csproj", "{7EDA77FA-D2D8-42D4-B2AB-DDCB3283243F}"
EndProject
Project("{FAE04EC0-301F-11D3-BF4B-00C04F79EFBC}") = "Prototype.Serialization", "DesignPatterns\Prototype.Serialization\Prototype.Serialization.csproj", "{308B9553-85FC-4E53-AABF-165B6EA555BD}"
EndProject
Project("{FAE04EC0-301F-11D3-BF4B-00C04F79EFBC}") = "Prototype.Exercise", "DesignPatterns\Prototype.Exercise\Prototype.Exercise.csproj", "{7BC81FCD-EF88-4977-BA6A-45D82010F11A}"
EndProject
Project("{2150E333-8FDC-42A3-9474-1A3956D46DE8}") = "Builder", "Builder", "{13838AB8-C041-4B6E-8FE1-1B8AB6B5E819}"
EndProject
Project("{2150E333-8FDC-42A3-9474-1A3956D46DE8}") = "Factory", "Factory", "{D7E1490E-26F3-4D12-A168-1FE482A23DD8}"
EndProject
Project("{2150E333-8FDC-42A3-9474-1A3956D46DE8}") = "SOLID", "SOLID", "{4FD76439-4624-44C2-BDC9-73D5320C7C7D}"
EndProject
Project("{2150E333-8FDC-42A3-9474-1A3956D46DE8}") = "Prototype", "Prototype", "{10C6E13D-DA64-4464-B3A2-FFFD55CD8A3D}"
EndProject
Global
	GlobalSection(SolutionConfigurationPlatforms) = preSolution
		Debug|Any CPU = Debug|Any CPU
		Release|Any CPU = Release|Any CPU
	EndGlobalSection
	GlobalSection(ProjectConfigurationPlatforms) = postSolution
		{2E06D841-ECD6-4421-A9DA-2329A6F8B33B}.Debug|Any CPU.ActiveCfg = Debug|Any CPU
		{2E06D841-ECD6-4421-A9DA-2329A6F8B33B}.Debug|Any CPU.Build.0 = Debug|Any CPU
		{2E06D841-ECD6-4421-A9DA-2329A6F8B33B}.Release|Any CPU.ActiveCfg = Release|Any CPU
		{2E06D841-ECD6-4421-A9DA-2329A6F8B33B}.Release|Any CPU.Build.0 = Release|Any CPU
		{A79843FA-6795-4C4E-9A45-8094A3C38728}.Debug|Any CPU.ActiveCfg = Debug|Any CPU
		{A79843FA-6795-4C4E-9A45-8094A3C38728}.Debug|Any CPU.Build.0 = Debug|Any CPU
		{A79843FA-6795-4C4E-9A45-8094A3C38728}.Release|Any CPU.ActiveCfg = Release|Any CPU
		{A79843FA-6795-4C4E-9A45-8094A3C38728}.Release|Any CPU.Build.0 = Release|Any CPU
		{4889CE7B-B0AA-4E52-AF47-A5FE26BAEA77}.Debug|Any CPU.ActiveCfg = Debug|Any CPU
		{4889CE7B-B0AA-4E52-AF47-A5FE26BAEA77}.Debug|Any CPU.Build.0 = Debug|Any CPU
		{4889CE7B-B0AA-4E52-AF47-A5FE26BAEA77}.Release|Any CPU.ActiveCfg = Release|Any CPU
		{4889CE7B-B0AA-4E52-AF47-A5FE26BAEA77}.Release|Any CPU.Build.0 = Release|Any CPU
		{139B5802-023B-4E0A-9F7C-A7E1499411CC}.Debug|Any CPU.ActiveCfg = Debug|Any CPU
		{139B5802-023B-4E0A-9F7C-A7E1499411CC}.Debug|Any CPU.Build.0 = Debug|Any CPU
		{139B5802-023B-4E0A-9F7C-A7E1499411CC}.Release|Any CPU.ActiveCfg = Release|Any CPU
		{139B5802-023B-4E0A-9F7C-A7E1499411CC}.Release|Any CPU.Build.0 = Release|Any CPU
		{BF613B38-ADE5-4C29-9A08-09EDEF6829ED}.Debug|Any CPU.ActiveCfg = Debug|Any CPU
		{BF613B38-ADE5-4C29-9A08-09EDEF6829ED}.Debug|Any CPU.Build.0 = Debug|Any CPU
		{BF613B38-ADE5-4C29-9A08-09EDEF6829ED}.Release|Any CPU.ActiveCfg = Release|Any CPU
		{BF613B38-ADE5-4C29-9A08-09EDEF6829ED}.Release|Any CPU.Build.0 = Release|Any CPU
		{0E76B292-3D03-471F-9AC9-86B35A752417}.Debug|Any CPU.ActiveCfg = Debug|Any CPU
		{0E76B292-3D03-471F-9AC9-86B35A752417}.Debug|Any CPU.Build.0 = Debug|Any CPU
		{0E76B292-3D03-471F-9AC9-86B35A752417}.Release|Any CPU.ActiveCfg = Release|Any CPU
		{0E76B292-3D03-471F-9AC9-86B35A752417}.Release|Any CPU.Build.0 = Release|Any CPU
		{A04AE1AB-3A58-4245-A86F-1F6073B2D382}.Debug|Any CPU.ActiveCfg = Debug|Any CPU
		{A04AE1AB-3A58-4245-A86F-1F6073B2D382}.Debug|Any CPU.Build.0 = Debug|Any CPU
		{A04AE1AB-3A58-4245-A86F-1F6073B2D382}.Release|Any CPU.ActiveCfg = Release|Any CPU
		{A04AE1AB-3A58-4245-A86F-1F6073B2D382}.Release|Any CPU.Build.0 = Release|Any CPU
		{7BB81DFA-1443-4A01-96D1-6BB3ADCB5852}.Debug|Any CPU.ActiveCfg = Debug|Any CPU
		{7BB81DFA-1443-4A01-96D1-6BB3ADCB5852}.Debug|Any CPU.Build.0 = Debug|Any CPU
		{7BB81DFA-1443-4A01-96D1-6BB3ADCB5852}.Release|Any CPU.ActiveCfg = Release|Any CPU
		{7BB81DFA-1443-4A01-96D1-6BB3ADCB5852}.Release|Any CPU.Build.0 = Release|Any CPU
		{9445F3CE-7061-4427-812B-DF4AD87D8D1E}.Debug|Any CPU.ActiveCfg = Debug|Any CPU
		{9445F3CE-7061-4427-812B-DF4AD87D8D1E}.Debug|Any CPU.Build.0 = Debug|Any CPU
		{9445F3CE-7061-4427-812B-DF4AD87D8D1E}.Release|Any CPU.ActiveCfg = Release|Any CPU
		{9445F3CE-7061-4427-812B-DF4AD87D8D1E}.Release|Any CPU.Build.0 = Release|Any CPU
		{0118BAB3-5CDB-4ABF-BAEC-CEDDB86E8A10}.Debug|Any CPU.ActiveCfg = Debug|Any CPU
		{0118BAB3-5CDB-4ABF-BAEC-CEDDB86E8A10}.Debug|Any CPU.Build.0 = Debug|Any CPU
		{0118BAB3-5CDB-4ABF-BAEC-CEDDB86E8A10}.Release|Any CPU.ActiveCfg = Release|Any CPU
		{0118BAB3-5CDB-4ABF-BAEC-CEDDB86E8A10}.Release|Any CPU.Build.0 = Release|Any CPU
		{D23138B2-FFE4-459E-9746-EC9D4C39A2D3}.Debug|Any CPU.ActiveCfg = Debug|Any CPU
		{D23138B2-FFE4-459E-9746-EC9D4C39A2D3}.Debug|Any CPU.Build.0 = Debug|Any CPU
		{D23138B2-FFE4-459E-9746-EC9D4C39A2D3}.Release|Any CPU.ActiveCfg = Release|Any CPU
		{D23138B2-FFE4-459E-9746-EC9D4C39A2D3}.Release|Any CPU.Build.0 = Release|Any CPU
		{178DC49F-DFA4-4C59-ABCE-88849FBFBD10}.Debug|Any CPU.ActiveCfg = Debug|Any CPU
		{178DC49F-DFA4-4C59-ABCE-88849FBFBD10}.Debug|Any CPU.Build.0 = Debug|Any CPU
		{178DC49F-DFA4-4C59-ABCE-88849FBFBD10}.Release|Any CPU.ActiveCfg = Release|Any CPU
		{178DC49F-DFA4-4C59-ABCE-88849FBFBD10}.Release|Any CPU.Build.0 = Release|Any CPU
		{C1769119-9FA9-422C-8939-B8997C9527F6}.Debug|Any CPU.ActiveCfg = Debug|Any CPU
		{C1769119-9FA9-422C-8939-B8997C9527F6}.Debug|Any CPU.Build.0 = Debug|Any CPU
		{C1769119-9FA9-422C-8939-B8997C9527F6}.Release|Any CPU.ActiveCfg = Release|Any CPU
		{C1769119-9FA9-422C-8939-B8997C9527F6}.Release|Any CPU.Build.0 = Release|Any CPU
		{73BC173B-9764-4A19-B8D8-F30F5D64049B}.Debug|Any CPU.ActiveCfg = Debug|Any CPU
		{73BC173B-9764-4A19-B8D8-F30F5D64049B}.Debug|Any CPU.Build.0 = Debug|Any CPU
		{73BC173B-9764-4A19-B8D8-F30F5D64049B}.Release|Any CPU.ActiveCfg = Release|Any CPU
		{73BC173B-9764-4A19-B8D8-F30F5D64049B}.Release|Any CPU.Build.0 = Release|Any CPU
		{9BF1FC8A-ABBA-471E-BB0F-09E70C5A320A}.Debug|Any CPU.ActiveCfg = Debug|Any CPU
		{9BF1FC8A-ABBA-471E-BB0F-09E70C5A320A}.Debug|Any CPU.Build.0 = Debug|Any CPU
		{9BF1FC8A-ABBA-471E-BB0F-09E70C5A320A}.Release|Any CPU.ActiveCfg = Release|Any CPU
		{9BF1FC8A-ABBA-471E-BB0F-09E70C5A320A}.Release|Any CPU.Build.0 = Release|Any CPU
		{A3087BFE-E878-4292-BC9D-7705D4F1843F}.Debug|Any CPU.ActiveCfg = Debug|Any CPU
		{A3087BFE-E878-4292-BC9D-7705D4F1843F}.Debug|Any CPU.Build.0 = Debug|Any CPU
		{A3087BFE-E878-4292-BC9D-7705D4F1843F}.Release|Any CPU.ActiveCfg = Release|Any CPU
		{A3087BFE-E878-4292-BC9D-7705D4F1843F}.Release|Any CPU.Build.0 = Release|Any CPU
		{FD8065BA-507D-4B93-8E4C-B580CA559743}.Debug|Any CPU.ActiveCfg = Debug|Any CPU
		{FD8065BA-507D-4B93-8E4C-B580CA559743}.Debug|Any CPU.Build.0 = Debug|Any CPU
		{FD8065BA-507D-4B93-8E4C-B580CA559743}.Release|Any CPU.ActiveCfg = Release|Any CPU
		{FD8065BA-507D-4B93-8E4C-B580CA559743}.Release|Any CPU.Build.0 = Release|Any CPU
		{44EB7849-96C9-4809-BD70-B61452158358}.Debug|Any CPU.ActiveCfg = Debug|Any CPU
		{44EB7849-96C9-4809-BD70-B61452158358}.Debug|Any CPU.Build.0 = Debug|Any CPU
		{44EB7849-96C9-4809-BD70-B61452158358}.Release|Any CPU.ActiveCfg = Release|Any CPU
		{44EB7849-96C9-4809-BD70-B61452158358}.Release|Any CPU.Build.0 = Release|Any CPU
		{9EB688E7-041C-45F7-A8A8-A66ADCBB84CD}.Debug|Any CPU.ActiveCfg = Debug|Any CPU
		{9EB688E7-041C-45F7-A8A8-A66ADCBB84CD}.Debug|Any CPU.Build.0 = Debug|Any CPU
		{9EB688E7-041C-45F7-A8A8-A66ADCBB84CD}.Release|Any CPU.ActiveCfg = Release|Any CPU
		{9EB688E7-041C-45F7-A8A8-A66ADCBB84CD}.Release|Any CPU.Build.0 = Release|Any CPU
		{30423BAB-A516-4113-9D7F-4BE37E224B4B}.Debug|Any CPU.ActiveCfg = Debug|Any CPU
		{30423BAB-A516-4113-9D7F-4BE37E224B4B}.Debug|Any CPU.Build.0 = Debug|Any CPU
		{30423BAB-A516-4113-9D7F-4BE37E224B4B}.Release|Any CPU.ActiveCfg = Release|Any CPU
		{30423BAB-A516-4113-9D7F-4BE37E224B4B}.Release|Any CPU.Build.0 = Release|Any CPU
		{C0A2F5B2-F833-4C93-83F9-CF1BF0327BA0}.Debug|Any CPU.ActiveCfg = Debug|Any CPU
		{C0A2F5B2-F833-4C93-83F9-CF1BF0327BA0}.Debug|Any CPU.Build.0 = Debug|Any CPU
		{C0A2F5B2-F833-4C93-83F9-CF1BF0327BA0}.Release|Any CPU.ActiveCfg = Release|Any CPU
		{C0A2F5B2-F833-4C93-83F9-CF1BF0327BA0}.Release|Any CPU.Build.0 = Release|Any CPU
		{E222C899-B660-4E30-A55D-9F4D56BFEA2C}.Debug|Any CPU.ActiveCfg = Debug|Any CPU
		{E222C899-B660-4E30-A55D-9F4D56BFEA2C}.Debug|Any CPU.Build.0 = Debug|Any CPU
		{E222C899-B660-4E30-A55D-9F4D56BFEA2C}.Release|Any CPU.ActiveCfg = Release|Any CPU
		{E222C899-B660-4E30-A55D-9F4D56BFEA2C}.Release|Any CPU.Build.0 = Release|Any CPU
		{73468D0F-4965-4093-A642-EF8A6B5A5057}.Debug|Any CPU.ActiveCfg = Debug|Any CPU
		{73468D0F-4965-4093-A642-EF8A6B5A5057}.Debug|Any CPU.Build.0 = Debug|Any CPU
		{73468D0F-4965-4093-A642-EF8A6B5A5057}.Release|Any CPU.ActiveCfg = Release|Any CPU
		{73468D0F-4965-4093-A642-EF8A6B5A5057}.Release|Any CPU.Build.0 = Release|Any CPU
		{A9ED35B5-C5EC-42DD-B38C-BCC637023F37}.Debug|Any CPU.ActiveCfg = Debug|Any CPU
		{A9ED35B5-C5EC-42DD-B38C-BCC637023F37}.Debug|Any CPU.Build.0 = Debug|Any CPU
		{A9ED35B5-C5EC-42DD-B38C-BCC637023F37}.Release|Any CPU.ActiveCfg = Release|Any CPU
		{A9ED35B5-C5EC-42DD-B38C-BCC637023F37}.Release|Any CPU.Build.0 = Release|Any CPU
		{4744549A-01D8-4F9D-A021-9615A430B0E5}.Debug|Any CPU.ActiveCfg = Debug|Any CPU
		{4744549A-01D8-4F9D-A021-9615A430B0E5}.Debug|Any CPU.Build.0 = Debug|Any CPU
		{4744549A-01D8-4F9D-A021-9615A430B0E5}.Release|Any CPU.ActiveCfg = Release|Any CPU
		{4744549A-01D8-4F9D-A021-9615A430B0E5}.Release|Any CPU.Build.0 = Release|Any CPU
		{4B19D566-979E-4454-88C5-3847D00C1585}.Debug|Any CPU.ActiveCfg = Debug|Any CPU
		{4B19D566-979E-4454-88C5-3847D00C1585}.Debug|Any CPU.Build.0 = Debug|Any CPU
		{4B19D566-979E-4454-88C5-3847D00C1585}.Release|Any CPU.ActiveCfg = Release|Any CPU
		{4B19D566-979E-4454-88C5-3847D00C1585}.Release|Any CPU.Build.0 = Release|Any CPU
		{AF21F2E7-F585-452B-AE7D-533707FDCD8D}.Debug|Any CPU.ActiveCfg = Debug|Any CPU
		{AF21F2E7-F585-452B-AE7D-533707FDCD8D}.Debug|Any CPU.Build.0 = Debug|Any CPU
		{AF21F2E7-F585-452B-AE7D-533707FDCD8D}.Release|Any CPU.ActiveCfg = Release|Any CPU
		{AF21F2E7-F585-452B-AE7D-533707FDCD8D}.Release|Any CPU.Build.0 = Release|Any CPU
		{041D880F-350D-40F5-8933-0BBBD4C53FA7}.Debug|Any CPU.ActiveCfg = Debug|Any CPU
		{041D880F-350D-40F5-8933-0BBBD4C53FA7}.Debug|Any CPU.Build.0 = Debug|Any CPU
		{041D880F-350D-40F5-8933-0BBBD4C53FA7}.Release|Any CPU.ActiveCfg = Release|Any CPU
		{041D880F-350D-40F5-8933-0BBBD4C53FA7}.Release|Any CPU.Build.0 = Release|Any CPU
		{EE757B2E-E57A-4334-93AE-F60F080D9B0F}.Debug|Any CPU.ActiveCfg = Debug|Any CPU
		{EE757B2E-E57A-4334-93AE-F60F080D9B0F}.Debug|Any CPU.Build.0 = Debug|Any CPU
		{EE757B2E-E57A-4334-93AE-F60F080D9B0F}.Release|Any CPU.ActiveCfg = Release|Any CPU
		{EE757B2E-E57A-4334-93AE-F60F080D9B0F}.Release|Any CPU.Build.0 = Release|Any CPU
		{860A2F70-8397-40C2-A2C6-8DDE466C47E3}.Debug|Any CPU.ActiveCfg = Debug|Any CPU
		{860A2F70-8397-40C2-A2C6-8DDE466C47E3}.Debug|Any CPU.Build.0 = Debug|Any CPU
		{860A2F70-8397-40C2-A2C6-8DDE466C47E3}.Release|Any CPU.ActiveCfg = Release|Any CPU
		{860A2F70-8397-40C2-A2C6-8DDE466C47E3}.Release|Any CPU.Build.0 = Release|Any CPU
		{844EF34A-5D49-4A7C-AD8A-45181365D51E}.Debug|Any CPU.ActiveCfg = Debug|Any CPU
		{844EF34A-5D49-4A7C-AD8A-45181365D51E}.Debug|Any CPU.Build.0 = Debug|Any CPU
		{844EF34A-5D49-4A7C-AD8A-45181365D51E}.Release|Any CPU.ActiveCfg = Release|Any CPU
		{844EF34A-5D49-4A7C-AD8A-45181365D51E}.Release|Any CPU.Build.0 = Release|Any CPU
		{E04E5E14-1FD3-4C0E-BBF8-236136851EF0}.Debug|Any CPU.ActiveCfg = Debug|Any CPU
		{E04E5E14-1FD3-4C0E-BBF8-236136851EF0}.Debug|Any CPU.Build.0 = Debug|Any CPU
		{E04E5E14-1FD3-4C0E-BBF8-236136851EF0}.Release|Any CPU.ActiveCfg = Release|Any CPU
		{E04E5E14-1FD3-4C0E-BBF8-236136851EF0}.Release|Any CPU.Build.0 = Release|Any CPU
		{90788D78-586B-4F92-8001-CA5814E30BA1}.Debug|Any CPU.ActiveCfg = Debug|Any CPU
		{90788D78-586B-4F92-8001-CA5814E30BA1}.Debug|Any CPU.Build.0 = Debug|Any CPU
		{90788D78-586B-4F92-8001-CA5814E30BA1}.Release|Any CPU.ActiveCfg = Release|Any CPU
		{90788D78-586B-4F92-8001-CA5814E30BA1}.Release|Any CPU.Build.0 = Release|Any CPU
		{19A695E6-2BD1-44E2-802B-3745DA5B1E53}.Debug|Any CPU.ActiveCfg = Debug|Any CPU
		{19A695E6-2BD1-44E2-802B-3745DA5B1E53}.Debug|Any CPU.Build.0 = Debug|Any CPU
		{19A695E6-2BD1-44E2-802B-3745DA5B1E53}.Release|Any CPU.ActiveCfg = Release|Any CPU
		{19A695E6-2BD1-44E2-802B-3745DA5B1E53}.Release|Any CPU.Build.0 = Release|Any CPU
		{0D6BC90F-0DEC-4095-A380-4A8D4A1E8DC0}.Debug|Any CPU.ActiveCfg = Debug|Any CPU
		{0D6BC90F-0DEC-4095-A380-4A8D4A1E8DC0}.Debug|Any CPU.Build.0 = Debug|Any CPU
		{0D6BC90F-0DEC-4095-A380-4A8D4A1E8DC0}.Release|Any CPU.ActiveCfg = Release|Any CPU
		{0D6BC90F-0DEC-4095-A380-4A8D4A1E8DC0}.Release|Any CPU.Build.0 = Release|Any CPU
		{5336E947-ADD9-4FF3-A913-924115D12E65}.Debug|Any CPU.ActiveCfg = Debug|Any CPU
		{5336E947-ADD9-4FF3-A913-924115D12E65}.Debug|Any CPU.Build.0 = Debug|Any CPU
		{5336E947-ADD9-4FF3-A913-924115D12E65}.Release|Any CPU.ActiveCfg = Release|Any CPU
		{5336E947-ADD9-4FF3-A913-924115D12E65}.Release|Any CPU.Build.0 = Release|Any CPU
		{35558D2B-8BFC-4FCF-89EC-E2691E8880AC}.Debug|Any CPU.ActiveCfg = Debug|Any CPU
		{35558D2B-8BFC-4FCF-89EC-E2691E8880AC}.Debug|Any CPU.Build.0 = Debug|Any CPU
		{35558D2B-8BFC-4FCF-89EC-E2691E8880AC}.Release|Any CPU.ActiveCfg = Release|Any CPU
		{35558D2B-8BFC-4FCF-89EC-E2691E8880AC}.Release|Any CPU.Build.0 = Release|Any CPU
		{A9DEDB86-2AC5-46F9-8C5B-03373952DBEE}.Debug|Any CPU.ActiveCfg = Debug|Any CPU
		{A9DEDB86-2AC5-46F9-8C5B-03373952DBEE}.Debug|Any CPU.Build.0 = Debug|Any CPU
		{A9DEDB86-2AC5-46F9-8C5B-03373952DBEE}.Release|Any CPU.ActiveCfg = Release|Any CPU
		{A9DEDB86-2AC5-46F9-8C5B-03373952DBEE}.Release|Any CPU.Build.0 = Release|Any CPU
		{9F521A9C-ECE4-49E3-A631-2CB4DD9B099C}.Debug|Any CPU.ActiveCfg = Debug|Any CPU
		{9F521A9C-ECE4-49E3-A631-2CB4DD9B099C}.Debug|Any CPU.Build.0 = Debug|Any CPU
		{9F521A9C-ECE4-49E3-A631-2CB4DD9B099C}.Release|Any CPU.ActiveCfg = Release|Any CPU
		{9F521A9C-ECE4-49E3-A631-2CB4DD9B099C}.Release|Any CPU.Build.0 = Release|Any CPU
		{ED774648-25DF-46C5-AEBF-C9E691D17D2C}.Debug|Any CPU.ActiveCfg = Debug|Any CPU
		{ED774648-25DF-46C5-AEBF-C9E691D17D2C}.Debug|Any CPU.Build.0 = Debug|Any CPU
		{ED774648-25DF-46C5-AEBF-C9E691D17D2C}.Release|Any CPU.ActiveCfg = Release|Any CPU
		{ED774648-25DF-46C5-AEBF-C9E691D17D2C}.Release|Any CPU.Build.0 = Release|Any CPU
		{D8C5BECE-1958-4E36-AF9D-9B60503EA512}.Debug|Any CPU.ActiveCfg = Debug|Any CPU
		{D8C5BECE-1958-4E36-AF9D-9B60503EA512}.Debug|Any CPU.Build.0 = Debug|Any CPU
		{D8C5BECE-1958-4E36-AF9D-9B60503EA512}.Release|Any CPU.ActiveCfg = Release|Any CPU
		{D8C5BECE-1958-4E36-AF9D-9B60503EA512}.Release|Any CPU.Build.0 = Release|Any CPU
		{C5694E5E-9F59-4541-B28D-03F60A6947AC}.Debug|Any CPU.ActiveCfg = Debug|Any CPU
		{C5694E5E-9F59-4541-B28D-03F60A6947AC}.Debug|Any CPU.Build.0 = Debug|Any CPU
		{C5694E5E-9F59-4541-B28D-03F60A6947AC}.Release|Any CPU.ActiveCfg = Release|Any CPU
		{C5694E5E-9F59-4541-B28D-03F60A6947AC}.Release|Any CPU.Build.0 = Release|Any CPU
		{6B33E81B-C90B-411C-887B-7D1C272FF629}.Debug|Any CPU.ActiveCfg = Debug|Any CPU
		{6B33E81B-C90B-411C-887B-7D1C272FF629}.Debug|Any CPU.Build.0 = Debug|Any CPU
		{6B33E81B-C90B-411C-887B-7D1C272FF629}.Release|Any CPU.ActiveCfg = Release|Any CPU
		{6B33E81B-C90B-411C-887B-7D1C272FF629}.Release|Any CPU.Build.0 = Release|Any CPU
		{160687E6-3541-4856-8182-35844B88AC4D}.Debug|Any CPU.ActiveCfg = Debug|Any CPU
		{160687E6-3541-4856-8182-35844B88AC4D}.Debug|Any CPU.Build.0 = Debug|Any CPU
		{160687E6-3541-4856-8182-35844B88AC4D}.Release|Any CPU.ActiveCfg = Release|Any CPU
		{160687E6-3541-4856-8182-35844B88AC4D}.Release|Any CPU.Build.0 = Release|Any CPU
		{3D6DADB8-CB03-4995-8AB6-B75263C7A63E}.Debug|Any CPU.ActiveCfg = Debug|Any CPU
		{3D6DADB8-CB03-4995-8AB6-B75263C7A63E}.Debug|Any CPU.Build.0 = Debug|Any CPU
		{3D6DADB8-CB03-4995-8AB6-B75263C7A63E}.Release|Any CPU.ActiveCfg = Release|Any CPU
		{3D6DADB8-CB03-4995-8AB6-B75263C7A63E}.Release|Any CPU.Build.0 = Release|Any CPU
		{3F93FE95-68ED-4BF7-BF8A-9010BD78060B}.Debug|Any CPU.ActiveCfg = Debug|Any CPU
		{3F93FE95-68ED-4BF7-BF8A-9010BD78060B}.Debug|Any CPU.Build.0 = Debug|Any CPU
		{3F93FE95-68ED-4BF7-BF8A-9010BD78060B}.Release|Any CPU.ActiveCfg = Release|Any CPU
		{3F93FE95-68ED-4BF7-BF8A-9010BD78060B}.Release|Any CPU.Build.0 = Release|Any CPU
		{4D6C94C9-2C26-43D5-91D8-795AE7B0E0B6}.Debug|Any CPU.ActiveCfg = Debug|Any CPU
		{4D6C94C9-2C26-43D5-91D8-795AE7B0E0B6}.Debug|Any CPU.Build.0 = Debug|Any CPU
		{4D6C94C9-2C26-43D5-91D8-795AE7B0E0B6}.Release|Any CPU.ActiveCfg = Release|Any CPU
		{4D6C94C9-2C26-43D5-91D8-795AE7B0E0B6}.Release|Any CPU.Build.0 = Release|Any CPU
		{4FFC08F2-5C73-4C8F-A778-C1774F0C3A17}.Debug|Any CPU.ActiveCfg = Debug|Any CPU
		{4FFC08F2-5C73-4C8F-A778-C1774F0C3A17}.Debug|Any CPU.Build.0 = Debug|Any CPU
		{4FFC08F2-5C73-4C8F-A778-C1774F0C3A17}.Release|Any CPU.ActiveCfg = Release|Any CPU
		{4FFC08F2-5C73-4C8F-A778-C1774F0C3A17}.Release|Any CPU.Build.0 = Release|Any CPU
		{03A0C814-E778-4FA9-A551-2359787918C3}.Debug|Any CPU.ActiveCfg = Debug|Any CPU
		{03A0C814-E778-4FA9-A551-2359787918C3}.Debug|Any CPU.Build.0 = Debug|Any CPU
		{03A0C814-E778-4FA9-A551-2359787918C3}.Release|Any CPU.ActiveCfg = Release|Any CPU
		{03A0C814-E778-4FA9-A551-2359787918C3}.Release|Any CPU.Build.0 = Release|Any CPU
		{06A6D248-9052-4D28-BB22-592521B42A24}.Debug|Any CPU.ActiveCfg = Debug|Any CPU
		{06A6D248-9052-4D28-BB22-592521B42A24}.Debug|Any CPU.Build.0 = Debug|Any CPU
		{06A6D248-9052-4D28-BB22-592521B42A24}.Release|Any CPU.ActiveCfg = Release|Any CPU
		{06A6D248-9052-4D28-BB22-592521B42A24}.Release|Any CPU.Build.0 = Release|Any CPU
		{ADFEC83F-D83E-4D9A-89CD-FA15557C8AAF}.Debug|Any CPU.ActiveCfg = Debug|Any CPU
		{ADFEC83F-D83E-4D9A-89CD-FA15557C8AAF}.Debug|Any CPU.Build.0 = Debug|Any CPU
		{ADFEC83F-D83E-4D9A-89CD-FA15557C8AAF}.Release|Any CPU.ActiveCfg = Release|Any CPU
		{ADFEC83F-D83E-4D9A-89CD-FA15557C8AAF}.Release|Any CPU.Build.0 = Release|Any CPU
		{42C259FF-1A88-4DFA-B74B-F7FB85E1D530}.Debug|Any CPU.ActiveCfg = Debug|Any CPU
		{42C259FF-1A88-4DFA-B74B-F7FB85E1D530}.Debug|Any CPU.Build.0 = Debug|Any CPU
		{42C259FF-1A88-4DFA-B74B-F7FB85E1D530}.Release|Any CPU.ActiveCfg = Release|Any CPU
		{42C259FF-1A88-4DFA-B74B-F7FB85E1D530}.Release|Any CPU.Build.0 = Release|Any CPU
		{E6D8D00A-7D3E-4793-B97C-EED4F511AA33}.Debug|Any CPU.ActiveCfg = Debug|Any CPU
		{E6D8D00A-7D3E-4793-B97C-EED4F511AA33}.Debug|Any CPU.Build.0 = Debug|Any CPU
		{E6D8D00A-7D3E-4793-B97C-EED4F511AA33}.Release|Any CPU.ActiveCfg = Release|Any CPU
		{E6D8D00A-7D3E-4793-B97C-EED4F511AA33}.Release|Any CPU.Build.0 = Release|Any CPU
		{89790340-021E-4CDD-B55E-E4264B0749AC}.Debug|Any CPU.ActiveCfg = Debug|Any CPU
		{89790340-021E-4CDD-B55E-E4264B0749AC}.Debug|Any CPU.Build.0 = Debug|Any CPU
		{89790340-021E-4CDD-B55E-E4264B0749AC}.Release|Any CPU.ActiveCfg = Release|Any CPU
		{89790340-021E-4CDD-B55E-E4264B0749AC}.Release|Any CPU.Build.0 = Release|Any CPU
		{F0B2C588-CCF5-413A-A479-7F1F93A3BD48}.Debug|Any CPU.ActiveCfg = Debug|Any CPU
		{F0B2C588-CCF5-413A-A479-7F1F93A3BD48}.Debug|Any CPU.Build.0 = Debug|Any CPU
		{F0B2C588-CCF5-413A-A479-7F1F93A3BD48}.Release|Any CPU.ActiveCfg = Release|Any CPU
		{F0B2C588-CCF5-413A-A479-7F1F93A3BD48}.Release|Any CPU.Build.0 = Release|Any CPU
		{CCC4E6A8-ADBE-4D07-96C8-AD4FA8796B29}.Debug|Any CPU.ActiveCfg = Debug|Any CPU
		{CCC4E6A8-ADBE-4D07-96C8-AD4FA8796B29}.Debug|Any CPU.Build.0 = Debug|Any CPU
		{CCC4E6A8-ADBE-4D07-96C8-AD4FA8796B29}.Release|Any CPU.ActiveCfg = Release|Any CPU
		{CCC4E6A8-ADBE-4D07-96C8-AD4FA8796B29}.Release|Any CPU.Build.0 = Release|Any CPU
		{0717C434-1545-4930-96DD-9F9FE2AA2242}.Debug|Any CPU.ActiveCfg = Debug|Any CPU
		{0717C434-1545-4930-96DD-9F9FE2AA2242}.Debug|Any CPU.Build.0 = Debug|Any CPU
		{0717C434-1545-4930-96DD-9F9FE2AA2242}.Release|Any CPU.ActiveCfg = Release|Any CPU
		{0717C434-1545-4930-96DD-9F9FE2AA2242}.Release|Any CPU.Build.0 = Release|Any CPU
		{2A82B0BD-4F75-4A87-A8E3-91E3B9975967}.Debug|Any CPU.ActiveCfg = Debug|Any CPU
		{2A82B0BD-4F75-4A87-A8E3-91E3B9975967}.Debug|Any CPU.Build.0 = Debug|Any CPU
		{2A82B0BD-4F75-4A87-A8E3-91E3B9975967}.Release|Any CPU.ActiveCfg = Release|Any CPU
		{2A82B0BD-4F75-4A87-A8E3-91E3B9975967}.Release|Any CPU.Build.0 = Release|Any CPU
		{DB446DD1-2F3B-405D-A4CD-7EAA02016F5A}.Debug|Any CPU.ActiveCfg = Debug|Any CPU
		{DB446DD1-2F3B-405D-A4CD-7EAA02016F5A}.Debug|Any CPU.Build.0 = Debug|Any CPU
		{DB446DD1-2F3B-405D-A4CD-7EAA02016F5A}.Release|Any CPU.ActiveCfg = Release|Any CPU
		{DB446DD1-2F3B-405D-A4CD-7EAA02016F5A}.Release|Any CPU.Build.0 = Release|Any CPU
		{AABC73FE-9E3D-4448-88A6-D6F3F44A3928}.Debug|Any CPU.ActiveCfg = Debug|Any CPU
		{AABC73FE-9E3D-4448-88A6-D6F3F44A3928}.Debug|Any CPU.Build.0 = Debug|Any CPU
		{AABC73FE-9E3D-4448-88A6-D6F3F44A3928}.Release|Any CPU.ActiveCfg = Release|Any CPU
		{AABC73FE-9E3D-4448-88A6-D6F3F44A3928}.Release|Any CPU.Build.0 = Release|Any CPU
		{7EDA77FA-D2D8-42D4-B2AB-DDCB3283243F}.Debug|Any CPU.ActiveCfg = Debug|Any CPU
		{7EDA77FA-D2D8-42D4-B2AB-DDCB3283243F}.Debug|Any CPU.Build.0 = Debug|Any CPU
		{7EDA77FA-D2D8-42D4-B2AB-DDCB3283243F}.Release|Any CPU.ActiveCfg = Release|Any CPU
		{7EDA77FA-D2D8-42D4-B2AB-DDCB3283243F}.Release|Any CPU.Build.0 = Release|Any CPU
		{308B9553-85FC-4E53-AABF-165B6EA555BD}.Debug|Any CPU.ActiveCfg = Debug|Any CPU
		{308B9553-85FC-4E53-AABF-165B6EA555BD}.Debug|Any CPU.Build.0 = Debug|Any CPU
		{308B9553-85FC-4E53-AABF-165B6EA555BD}.Release|Any CPU.ActiveCfg = Release|Any CPU
		{308B9553-85FC-4E53-AABF-165B6EA555BD}.Release|Any CPU.Build.0 = Release|Any CPU
		{7BC81FCD-EF88-4977-BA6A-45D82010F11A}.Debug|Any CPU.ActiveCfg = Debug|Any CPU
		{7BC81FCD-EF88-4977-BA6A-45D82010F11A}.Debug|Any CPU.Build.0 = Debug|Any CPU
		{7BC81FCD-EF88-4977-BA6A-45D82010F11A}.Release|Any CPU.ActiveCfg = Release|Any CPU
		{7BC81FCD-EF88-4977-BA6A-45D82010F11A}.Release|Any CPU.Build.0 = Release|Any CPU
	EndGlobalSection
	GlobalSection(SolutionProperties) = preSolution
		HideSolutionNode = FALSE
	EndGlobalSection
	GlobalSection(NestedProjects) = preSolution
		{2E06D841-ECD6-4421-A9DA-2329A6F8B33B} = {2D6D8F66-8CA6-44EF-91DE-CB0D6BF41510}
		{A04AE1AB-3A58-4245-A86F-1F6073B2D382} = {C252DC95-B437-4573-9EFB-7F73880B30FB}
		{7BB81DFA-1443-4A01-96D1-6BB3ADCB5852} = {C252DC95-B437-4573-9EFB-7F73880B30FB}
		{9445F3CE-7061-4427-812B-DF4AD87D8D1E} = {C252DC95-B437-4573-9EFB-7F73880B30FB}
		{0118BAB3-5CDB-4ABF-BAEC-CEDDB86E8A10} = {C252DC95-B437-4573-9EFB-7F73880B30FB}
		{D23138B2-FFE4-459E-9746-EC9D4C39A2D3} = {C252DC95-B437-4573-9EFB-7F73880B30FB}
		{178DC49F-DFA4-4C59-ABCE-88849FBFBD10} = {C252DC95-B437-4573-9EFB-7F73880B30FB}
		{C1769119-9FA9-422C-8939-B8997C9527F6} = {C252DC95-B437-4573-9EFB-7F73880B30FB}
		{73BC173B-9764-4A19-B8D8-F30F5D64049B} = {C252DC95-B437-4573-9EFB-7F73880B30FB}
		{9BF1FC8A-ABBA-471E-BB0F-09E70C5A320A} = {C252DC95-B437-4573-9EFB-7F73880B30FB}
		{A3087BFE-E878-4292-BC9D-7705D4F1843F} = {C252DC95-B437-4573-9EFB-7F73880B30FB}
		{FD8065BA-507D-4B93-8E4C-B580CA559743} = {C252DC95-B437-4573-9EFB-7F73880B30FB}
		{44EB7849-96C9-4809-BD70-B61452158358} = {C252DC95-B437-4573-9EFB-7F73880B30FB}
		{9EB688E7-041C-45F7-A8A8-A66ADCBB84CD} = {C252DC95-B437-4573-9EFB-7F73880B30FB}
		{30423BAB-A516-4113-9D7F-4BE37E224B4B} = {C252DC95-B437-4573-9EFB-7F73880B30FB}
		{C0A2F5B2-F833-4C93-83F9-CF1BF0327BA0} = {C252DC95-B437-4573-9EFB-7F73880B30FB}
		{E222C899-B660-4E30-A55D-9F4D56BFEA2C} = {C252DC95-B437-4573-9EFB-7F73880B30FB}
		{73468D0F-4965-4093-A642-EF8A6B5A5057} = {C252DC95-B437-4573-9EFB-7F73880B30FB}
		{A9ED35B5-C5EC-42DD-B38C-BCC637023F37} = {C252DC95-B437-4573-9EFB-7F73880B30FB}
		{4744549A-01D8-4F9D-A021-9615A430B0E5} = {C252DC95-B437-4573-9EFB-7F73880B30FB}
		{4B19D566-979E-4454-88C5-3847D00C1585} = {C252DC95-B437-4573-9EFB-7F73880B30FB}
		{AF21F2E7-F585-452B-AE7D-533707FDCD8D} = {C252DC95-B437-4573-9EFB-7F73880B30FB}
		{041D880F-350D-40F5-8933-0BBBD4C53FA7} = {C252DC95-B437-4573-9EFB-7F73880B30FB}
		{EE757B2E-E57A-4334-93AE-F60F080D9B0F} = {C252DC95-B437-4573-9EFB-7F73880B30FB}
		{860A2F70-8397-40C2-A2C6-8DDE466C47E3} = {C252DC95-B437-4573-9EFB-7F73880B30FB}
		{844EF34A-5D49-4A7C-AD8A-45181365D51E} = {C252DC95-B437-4573-9EFB-7F73880B30FB}
		{E04E5E14-1FD3-4C0E-BBF8-236136851EF0} = {C252DC95-B437-4573-9EFB-7F73880B30FB}
		{90788D78-586B-4F92-8001-CA5814E30BA1} = {C252DC95-B437-4573-9EFB-7F73880B30FB}
		{19A695E6-2BD1-44E2-802B-3745DA5B1E53} = {C252DC95-B437-4573-9EFB-7F73880B30FB}
		{0D6BC90F-0DEC-4095-A380-4A8D4A1E8DC0} = {C252DC95-B437-4573-9EFB-7F73880B30FB}
		{5336E947-ADD9-4FF3-A913-924115D12E65} = {8E052890-6F1E-4D58-ACAE-C129E9E91879}
		{35558D2B-8BFC-4FCF-89EC-E2691E8880AC} = {8E052890-6F1E-4D58-ACAE-C129E9E91879}
		{A9DEDB86-2AC5-46F9-8C5B-03373952DBEE} = {8E052890-6F1E-4D58-ACAE-C129E9E91879}
		{9F521A9C-ECE4-49E3-A631-2CB4DD9B099C} = {8E052890-6F1E-4D58-ACAE-C129E9E91879}
		{ED774648-25DF-46C5-AEBF-C9E691D17D2C} = {8E052890-6F1E-4D58-ACAE-C129E9E91879}
		{D8C5BECE-1958-4E36-AF9D-9B60503EA512} = {8E052890-6F1E-4D58-ACAE-C129E9E91879}
		{C5694E5E-9F59-4541-B28D-03F60A6947AC} = {8E052890-6F1E-4D58-ACAE-C129E9E91879}
		{6B33E81B-C90B-411C-887B-7D1C272FF629} = {8E052890-6F1E-4D58-ACAE-C129E9E91879}
		{160687E6-3541-4856-8182-35844B88AC4D} = {63FACEC3-4501-4A69-AA5D-723649063C87}
		{3D6DADB8-CB03-4995-8AB6-B75263C7A63E} = {63FACEC3-4501-4A69-AA5D-723649063C87}
		{3F93FE95-68ED-4BF7-BF8A-9010BD78060B} = {63FACEC3-4501-4A69-AA5D-723649063C87}
		{13838AB8-C041-4B6E-8FE1-1B8AB6B5E819} = {A9519945-259D-461B-8479-6646D9C14044}
		{4D6C94C9-2C26-43D5-91D8-795AE7B0E0B6} = {13838AB8-C041-4B6E-8FE1-1B8AB6B5E819}
		{42C259FF-1A88-4DFA-B74B-F7FB85E1D530} = {13838AB8-C041-4B6E-8FE1-1B8AB6B5E819}
		{ADFEC83F-D83E-4D9A-89CD-FA15557C8AAF} = {13838AB8-C041-4B6E-8FE1-1B8AB6B5E819}
		{4FFC08F2-5C73-4C8F-A778-C1774F0C3A17} = {13838AB8-C041-4B6E-8FE1-1B8AB6B5E819}
		{03A0C814-E778-4FA9-A551-2359787918C3} = {13838AB8-C041-4B6E-8FE1-1B8AB6B5E819}
		{06A6D248-9052-4D28-BB22-592521B42A24} = {13838AB8-C041-4B6E-8FE1-1B8AB6B5E819}
		{D7E1490E-26F3-4D12-A168-1FE482A23DD8} = {A9519945-259D-461B-8479-6646D9C14044}
		{89790340-021E-4CDD-B55E-E4264B0749AC} = {D7E1490E-26F3-4D12-A168-1FE482A23DD8}
		{0717C434-1545-4930-96DD-9F9FE2AA2242} = {D7E1490E-26F3-4D12-A168-1FE482A23DD8}
		{2A82B0BD-4F75-4A87-A8E3-91E3B9975967} = {D7E1490E-26F3-4D12-A168-1FE482A23DD8}
		{E6D8D00A-7D3E-4793-B97C-EED4F511AA33} = {D7E1490E-26F3-4D12-A168-1FE482A23DD8}
		{DB446DD1-2F3B-405D-A4CD-7EAA02016F5A} = {D7E1490E-26F3-4D12-A168-1FE482A23DD8}
		{CCC4E6A8-ADBE-4D07-96C8-AD4FA8796B29} = {D7E1490E-26F3-4D12-A168-1FE482A23DD8}
		{F0B2C588-CCF5-413A-A479-7F1F93A3BD48} = {D7E1490E-26F3-4D12-A168-1FE482A23DD8}
		{4FD76439-4624-44C2-BDC9-73D5320C7C7D} = {A9519945-259D-461B-8479-6646D9C14044}
		{0E76B292-3D03-471F-9AC9-86B35A752417} = {4FD76439-4624-44C2-BDC9-73D5320C7C7D}
		{A79843FA-6795-4C4E-9A45-8094A3C38728} = {4FD76439-4624-44C2-BDC9-73D5320C7C7D}
		{4889CE7B-B0AA-4E52-AF47-A5FE26BAEA77} = {4FD76439-4624-44C2-BDC9-73D5320C7C7D}
		{139B5802-023B-4E0A-9F7C-A7E1499411CC} = {4FD76439-4624-44C2-BDC9-73D5320C7C7D}
		{BF613B38-ADE5-4C29-9A08-09EDEF6829ED} = {4FD76439-4624-44C2-BDC9-73D5320C7C7D}
		{10C6E13D-DA64-4464-B3A2-FFFD55CD8A3D} = {A9519945-259D-461B-8479-6646D9C14044}
		{AABC73FE-9E3D-4448-88A6-D6F3F44A3928} = {10C6E13D-DA64-4464-B3A2-FFFD55CD8A3D}
		{7EDA77FA-D2D8-42D4-B2AB-DDCB3283243F} = {10C6E13D-DA64-4464-B3A2-FFFD55CD8A3D}
		{7BC81FCD-EF88-4977-BA6A-45D82010F11A} = {10C6E13D-DA64-4464-B3A2-FFFD55CD8A3D}
		{308B9553-85FC-4E53-AABF-165B6EA555BD} = {10C6E13D-DA64-4464-B3A2-FFFD55CD8A3D}
	EndGlobalSection
	GlobalSection(ExtensibilityGlobals) = postSolution
		SolutionGuid = {BBBEABDB-C638-4F3C-91AD-24FC0CF6A3C2}
	EndGlobalSection
EndGlobal
